
Microsoft Visual Studio Solution File, Format Version 12.00
# Visual Studio Version 17
VisualStudioVersion = 17.4.33110.190
MinimumVisualStudioVersion = 10.0.40219.1
Project("{FAE04EC0-301F-11D3-BF4B-00C04F79EFBC}") = "70-School.Web", "70-School.Web1\70-School.Web.csproj", "{8E1DC568-CFFE-4063-B539-8EA0F2D201BC}"
EndProject
Global
	GlobalSection(SolutionConfigurationPlatforms) = preSolution
		Debug|Any CPU = Debug|Any CPU
		Release|Any CPU = Release|Any CPU
	EndGlobalSection
	GlobalSection(ProjectConfigurationPlatforms) = postSolution
		{8E1DC568-CFFE-4063-B539-8EA0F2D201BC}.Debug|Any CPU.ActiveCfg = Debug|Any CPU
		{8E1DC568-CFFE-4063-B539-8EA0F2D201BC}.Debug|Any CPU.Build.0 = Debug|Any CPU
		{8E1DC568-CFFE-4063-B539-8EA0F2D201BC}.Release|Any CPU.ActiveCfg = Release|Any CPU
		{8E1DC568-CFFE-4063-B539-8EA0F2D201BC}.Release|Any CPU.Build.0 = Release|Any CPU
	EndGlobalSection
	GlobalSection(SolutionProperties) = preSolution
		HideSolutionNode = FALSE
	EndGlobalSection
	GlobalSection(ExtensibilityGlobals) = postSolution
		SolutionGuid = {D12C16C7-5624-40B0-98B7-810FD2680B88}
	EndGlobalSection
EndGlobal
